
Microsoft Visual Studio Solution File, Format Version 12.00
# Visual Studio Version 17
VisualStudioVersion = 17.1.32421.90
MinimumVisualStudioVersion = 15.0.26124.0
Project("{9A19103F-16F7-4668-BE54-9A1E7A4F7556}") = "TimeWaster.XordleBoard", "src\TimeWaster.XordleBoard\TimeWaster.XordleBoard.csproj", "{081DD5E8-5FFD-4944-AFAE-426A065C7B28}"
EndProject
Project("{9A19103F-16F7-4668-BE54-9A1E7A4F7556}") = "TimeWaster.XordleBoard.Tests", "test\TimeWaster.XordleBoard.Tests\TimeWaster.XordleBoard.Tests.csproj", "{7A4EE1E0-E16E-4409-B5F7-F29A55926E24}"
EndProject
Project("{9A19103F-16F7-4668-BE54-9A1E7A4F7556}") = "TimeWaster.Xordle", "src\TimeWaster.Xordle\TimeWaster.Xordle.csproj", "{F72DE0BD-590D-4F00-B00F-6F2CA085B702}"
EndProject
Global
	GlobalSection(SolutionConfigurationPlatforms) = preSolution
		Debug|Any CPU = Debug|Any CPU
		Debug|x64 = Debug|x64
		Debug|x86 = Debug|x86
		Release|Any CPU = Release|Any CPU
		Release|x64 = Release|x64
		Release|x86 = Release|x86
	EndGlobalSection
	GlobalSection(ProjectConfigurationPlatforms) = postSolution
		{081DD5E8-5FFD-4944-AFAE-426A065C7B28}.Debug|Any CPU.ActiveCfg = Debug|Any CPU
		{081DD5E8-5FFD-4944-AFAE-426A065C7B28}.Debug|Any CPU.Build.0 = Debug|Any CPU
		{081DD5E8-5FFD-4944-AFAE-426A065C7B28}.Debug|x64.ActiveCfg = Debug|Any CPU
		{081DD5E8-5FFD-4944-AFAE-426A065C7B28}.Debug|x64.Build.0 = Debug|Any CPU
		{081DD5E8-5FFD-4944-AFAE-426A065C7B28}.Debug|x86.ActiveCfg = Debug|Any CPU
		{081DD5E8-5FFD-4944-AFAE-426A065C7B28}.Debug|x86.Build.0 = Debug|Any CPU
		{081DD5E8-5FFD-4944-AFAE-426A065C7B28}.Release|Any CPU.ActiveCfg = Release|Any CPU
		{081DD5E8-5FFD-4944-AFAE-426A065C7B28}.Release|Any CPU.Build.0 = Release|Any CPU
		{081DD5E8-5FFD-4944-AFAE-426A065C7B28}.Release|x64.ActiveCfg = Release|Any CPU
		{081DD5E8-5FFD-4944-AFAE-426A065C7B28}.Release|x64.Build.0 = Release|Any CPU
		{081DD5E8-5FFD-4944-AFAE-426A065C7B28}.Release|x86.ActiveCfg = Release|Any CPU
		{081DD5E8-5FFD-4944-AFAE-426A065C7B28}.Release|x86.Build.0 = Release|Any CPU
		{7A4EE1E0-E16E-4409-B5F7-F29A55926E24}.Debug|Any CPU.ActiveCfg = Debug|Any CPU
		{7A4EE1E0-E16E-4409-B5F7-F29A55926E24}.Debug|Any CPU.Build.0 = Debug|Any CPU
		{7A4EE1E0-E16E-4409-B5F7-F29A55926E24}.Debug|x64.ActiveCfg = Debug|Any CPU
		{7A4EE1E0-E16E-4409-B5F7-F29A55926E24}.Debug|x64.Build.0 = Debug|Any CPU
		{7A4EE1E0-E16E-4409-B5F7-F29A55926E24}.Debug|x86.ActiveCfg = Debug|Any CPU
		{7A4EE1E0-E16E-4409-B5F7-F29A55926E24}.Debug|x86.Build.0 = Debug|Any CPU
		{7A4EE1E0-E16E-4409-B5F7-F29A55926E24}.Release|Any CPU.ActiveCfg = Release|Any CPU
		{7A4EE1E0-E16E-4409-B5F7-F29A55926E24}.Release|Any CPU.Build.0 = Release|Any CPU
		{7A4EE1E0-E16E-4409-B5F7-F29A55926E24}.Release|x64.ActiveCfg = Release|Any CPU
		{7A4EE1E0-E16E-4409-B5F7-F29A55926E24}.Release|x64.Build.0 = Release|Any CPU
		{7A4EE1E0-E16E-4409-B5F7-F29A55926E24}.Release|x86.ActiveCfg = Release|Any CPU
		{7A4EE1E0-E16E-4409-B5F7-F29A55926E24}.Release|x86.Build.0 = Release|Any CPU
		{F72DE0BD-590D-4F00-B00F-6F2CA085B702}.Debug|Any CPU.ActiveCfg = Debug|Any CPU
		{F72DE0BD-590D-4F00-B00F-6F2CA085B702}.Debug|Any CPU.Build.0 = Debug|Any CPU
		{F72DE0BD-590D-4F00-B00F-6F2CA085B702}.Debug|x64.ActiveCfg = Debug|Any CPU
		{F72DE0BD-590D-4F00-B00F-6F2CA085B702}.Debug|x64.Build.0 = Debug|Any CPU
		{F72DE0BD-590D-4F00-B00F-6F2CA085B702}.Debug|x86.ActiveCfg = Debug|Any CPU
		{F72DE0BD-590D-4F00-B00F-6F2CA085B702}.Debug|x86.Build.0 = Debug|Any CPU
		{F72DE0BD-590D-4F00-B00F-6F2CA085B702}.Release|Any CPU.ActiveCfg = Release|Any CPU
		{F72DE0BD-590D-4F00-B00F-6F2CA085B702}.Release|Any CPU.Build.0 = Release|Any CPU
		{F72DE0BD-590D-4F00-B00F-6F2CA085B702}.Release|x64.ActiveCfg = Release|Any CPU
		{F72DE0BD-590D-4F00-B00F-6F2CA085B702}.Release|x64.Build.0 = Release|Any CPU
		{F72DE0BD-590D-4F00-B00F-6F2CA085B702}.Release|x86.ActiveCfg = Release|Any CPU
		{F72DE0BD-590D-4F00-B00F-6F2CA085B702}.Release|x86.Build.0 = Release|Any CPU
	EndGlobalSection
	GlobalSection(SolutionProperties) = preSolution
		HideSolutionNode = FALSE
	EndGlobalSection
	GlobalSection(ExtensibilityGlobals) = postSolution
		SolutionGuid = {F2877831-06B6-4D5C-B476-980A17F46E70}
	EndGlobalSection
EndGlobal
